{
    "_readme": [
        "This file locks the dependencies of your project to a known state",
        "Read more about it at https://getcomposer.org/doc/01-basic-usage.md#installing-dependencies",
        "This file is @generated automatically"
    ],
    "content-hash": "305e8e4fc5583998728e513c9f148234",
    "packages": [
        {
            "name": "bjeavons/zxcvbn-php",
            "version": "1.4.2",
            "source": {
                "type": "git",
                "url": "https://github.com/Xon/zxcvbn-php.git",
                "reference": "fork"
            },
            "type": "library",
            "autoload": {
                "psr-4": {
                    "ZxcvbnPhp\\": "src/"
                }
            }
        }
    ],
    "packages-dev": [],
    "aliases": [],
    "minimum-stability": "stable",
    "stability-flags": [],
    "prefer-stable": false,
    "prefer-lowest": false,
    "platform": {
        "ext-mbstring": "*",
        "ext-json": "*"
    },
    "platform-dev": [],
    "platform-overrides": {
        "php": "7.2.0"
    },
    "plugin-api-version": "2.6.0"
}
